
Microsoft Visual Studio Solution File, Format Version 12.00
# Visual Studio 15
VisualStudioVersion = 15.0.28307.136
MinimumVisualStudioVersion = 10.0.40219.1
Project("{FAE04EC0-301F-11D3-BF4B-00C04F79EFBC}") = "Sapper", "Sapper\Sapper.csproj", "{017AEA61-2506-4369-846D-8D2E2FF6C248}"
EndProject
Global
	GlobalSection(SolutionConfigurationPlatforms) = preSolution
		Debug|Any CPU = Debug|Any CPU
		Release|Any CPU = Release|Any CPU
	EndGlobalSection
	GlobalSection(ProjectConfigurationPlatforms) = postSolution
		{017AEA61-2506-4369-846D-8D2E2FF6C248}.Debug|Any CPU.ActiveCfg = Debug|Any CPU
		{017AEA61-2506-4369-846D-8D2E2FF6C248}.Debug|Any CPU.Build.0 = Debug|Any CPU
		{017AEA61-2506-4369-846D-8D2E2FF6C248}.Release|Any CPU.ActiveCfg = Release|Any CPU
		{017AEA61-2506-4369-846D-8D2E2FF6C248}.Release|Any CPU.Build.0 = Release|Any CPU
	EndGlobalSection
	GlobalSection(SolutionProperties) = preSolution
		HideSolutionNode = FALSE
	EndGlobalSection
	GlobalSection(ExtensibilityGlobals) = postSolution
		SolutionGuid = {7EF0B556-0DFE-4BF0-ACB5-3A08147EBF20}
	EndGlobalSection
EndGlobal
